<?xml version="1.0" encoding="utf-8"?>
<Project ToolsVersion="4.0" xmlns="http://schemas.microsoft.com/developer/msbuild/2003">
  <ItemGroup>
    <Filter Include="Source Files">
      <UniqueIdentifier>{4FC737F1-C7A5-4376-A066-2A32D752A2FF}</UniqueIdentifier>
      <Extensions>cpp;c;cc;cxx;c++;cppm;ixx;def;odl;idl;hpj;bat;asm;asmx</Extensions>
    </Filter>
    <Filter Include="Header Files">
      <UniqueIdentifier>{93995380-89BD-4b04-88EB-625FBE52EBFB}</UniqueIdentifier>
      <Extensions>h;hh;hpp;hxx;h++;hm;inl;inc;ipp;xsd</Extensions>
    </Filter>
    <Filter Include="Resource Files">
      <UniqueIdentifier>{67DA6AB6-F800-4c08-8B7A-83BB121AAD01}</UniqueIdentifier>
      <Extensions>rc;ico;cur;bmp;dlg;rc2;rct;bin;rgs;gif;jpg;jpeg;jpe;resx;tiff;tif;png;wav;mfcribbon-ms</Extensions>
    </Filter>
    <Filter Include="Source Files\Unit 1 - Review">
      <UniqueIdentifier>{7ab08baa-352c-4057-b45d-be9a35feeba9}</UniqueIdentifier>
    </Filter>
    <Filter Include="Source Files\Unit 2">
      <UniqueIdentifier>{c5bb7361-8773-4507-b3e7-3358e94ee29d}</UniqueIdentifier>
    </Filter>
    <Filter Include="Source Files\Unit 3">
      <UniqueIdentifier>{1e05980d-7744-42ae-b7da-806593aaa6df}</UniqueIdentifier>
    </Filter>
    <Filter Include="Source Files\Unit 4">
      <UniqueIdentifier>{960cb400-6804-4565-975b-fd497e1ca0c1}</UniqueIdentifier>
    </Filter>
    <Filter Include="Source Files\Unit 5">
      <UniqueIdentifier>{f82b5d70-edea-4531-ba57-452ce0575aa3}</UniqueIdentifier>
    </Filter>
    <Filter Include="Source Files\Unit 5\U4L2 - Fundamental Concepts of OOP">
      <UniqueIdentifier>{c59a6f97-b421-4afa-b0cb-f50e1a47efd5}</UniqueIdentifier>
    </Filter>
    <Filter Include="Source Files\Unit 5\U4L4 - Deck of Cards">
      <UniqueIdentifier>{068e9f72-0cce-46e3-a499-c8aafb009a30}</UniqueIdentifier>
    </Filter>
    <Filter Include="Source Files\Unit 5\U4L4 - Inheritance and Polymorphism">
      <UniqueIdentifier>{86c6ca36-e181-4256-8336-892dd6fe87ce}</UniqueIdentifier>
    </Filter>
  </ItemGroup>
  <ItemGroup>
    <ClCompile Include="Math Problem.cpp">
      <Filter>Source Files\Unit 1 - Review</Filter>
    </ClCompile>
    <ClCompile Include="100-Hello ICS4U.cpp">
      <Filter>Source Files\Unit 1 - Review</Filter>
    </ClCompile>
    <ClCompile Include="102-Data Types in C++.cpp">
      <Filter>Source Files\Unit 1 - Review</Filter>
    </ClCompile>
    <ClCompile Include="103-Area of Rectangle.cpp">
      <Filter>Source Files\Unit 1 - Review</Filter>
    </ClCompile>
    <ClCompile Include="104-Calculate Digits.cpp">
      <Filter>Source Files\Unit 1 - Review</Filter>
    </ClCompile>
    <ClCompile Include="105-Make Change.cpp">
      <Filter>Source Files\Unit 1 - Review</Filter>
    </ClCompile>
    <ClCompile Include="Octomesters.cpp">
      <Filter>Source Files\Unit 1 - Review</Filter>
    </ClCompile>
    <ClCompile Include="Palindrome 2 - Longest Palindrome.cpp">
      <Filter>Source Files\Unit 1 - Review</Filter>
    </ClCompile>
    <ClCompile Include="102-Pointer Exercise.cpp">
      <Filter>Source Files\Unit 2</Filter>
    </ClCompile>
    <ClCompile Include="103-Functions with Pointers.cpp">
      <Filter>Source Files\Unit 2</Filter>
    </ClCompile>
    <ClCompile Include="104-Dynamic Array Exercises.cpp">
      <Filter>Source Files\Unit 2</Filter>
    </ClCompile>
    <ClCompile Include="Test.cpp">
      <Filter>Source Files\Unit 2</Filter>
    </ClCompile>
    <ClCompile Include="104-Dynamic 2D arrays.cpp">
      <Filter>Source Files\Unit 2</Filter>
    </ClCompile>
    <ClCompile Include="107-Magic Square.cpp">
      <Filter>Source Files\Unit 2</Filter>
    </ClCompile>
    <ClCompile Include="207a.cpp">
      <Filter>Source Files\Unit 3</Filter>
    </ClCompile>
    <ClCompile Include="207b.cpp">
      <Filter>Source Files\Unit 3</Filter>
    </ClCompile>
    <ClCompile Include="207c.cpp">
      <Filter>Source Files\Unit 3</Filter>
    </ClCompile>
    <ClCompile Include="207d-Recursion Exercises.cpp">
      <Filter>Source Files\Unit 3</Filter>
    </ClCompile>
    <ClCompile Include="207e Recursion Exercises - twopower.cpp">
      <Filter>Source Files\Unit 3</Filter>
    </ClCompile>
    <ClCompile Include="207f-Recursion Exercises - Sum.cpp">
      <Filter>Source Files\Unit 3</Filter>
    </ClCompile>
    <ClCompile Include="207g-Recursion Exercises - Largest.cpp">
      <Filter>Source Files\Unit 3</Filter>
    </ClCompile>
    <ClCompile Include="207h-Recursion Exercises - Birthday Problem.cpp">
      <Filter>Source Files\Unit 3</Filter>
    </ClCompile>
    <ClCompile Include="208 Q1 - Recursive Sequences.cpp">
      <Filter>Source Files\Unit 3</Filter>
    </ClCompile>
    <ClCompile Include="106b.cpp">
      <Filter>Source Files\Unit 2</Filter>
    </ClCompile>
    <ClCompile Include="106a.cpp">
      <Filter>Source Files\Unit 2</Filter>
    </ClCompile>
    <ClCompile Include="208 Q2 - Recursive GCD.cpp">
      <Filter>Source Files\Unit 3</Filter>
    </ClCompile>
    <ClCompile Include="208 Q3 - Recursive Palindrome.cpp">
      <Filter>Source Files\Unit 3</Filter>
    </ClCompile>
    <ClCompile Include="208 Q4 - Recursive Decimal to Binary.cpp">
      <Filter>Source Files\Unit 3</Filter>
    </ClCompile>
    <ClCompile Include="208 Q6 - Fractorials.cpp">
      <Filter>Source Files\Unit 3</Filter>
    </ClCompile>
    <ClCompile Include="208 Q5 - Recursive Average.cpp">
      <Filter>Source Files\Unit 3</Filter>
    </ClCompile>
    <ClCompile Include="301 - Linear and Binary Search.cpp">
      <Filter>Source Files\Unit 4</Filter>
    </ClCompile>
    <ClCompile Include="Precipitate_Lesson.cpp">
      <Filter>Source Files\Unit 4</Filter>
    </ClCompile>
    <ClCompile Include="302 - Insertion Sort.cpp">
      <Filter>Source Files\Unit 4</Filter>
    </ClCompile>
    <ClCompile Include="pH.cpp">
      <Filter>Source Files</Filter>
    </ClCompile>
    <ClCompile Include="304 - Bubble Sort.cpp">
      <Filter>Source Files\Unit 4</Filter>
    </ClCompile>
    <ClCompile Include="303 - Selection Sort.cpp">
      <Filter>Source Files\Unit 4</Filter>
    </ClCompile>
    <ClCompile Include="305 - Shell Sort.cpp">
      <Filter>Source Files\Unit 4</Filter>
    </ClCompile>
    <ClCompile Include="306 - Quick Sort.cpp">
      <Filter>Source Files\Unit 4</Filter>
    </ClCompile>
    <ClCompile Include="307 - Merge Sort.cpp">
      <Filter>Source Files\Unit 4</Filter>
    </ClCompile>
    <ClCompile Include="Fraction.cpp">
      <Filter>Source Files\Unit 5\U4L2 - Fundamental Concepts of OOP</Filter>
    </ClCompile>
    <ClCompile Include="Main.cpp">
      <Filter>Source Files\Unit 5\U4L2 - Fundamental Concepts of OOP</Filter>
    </ClCompile>
    <ClCompile Include="Card.cpp">
      <Filter>Source Files\Unit 5\U4L4 - Deck of Cards</Filter>
    </ClCompile>
    <ClCompile Include="DeckOfCards.cpp">
      <Filter>Source Files\Unit 5\U4L4 - Deck of Cards</Filter>
    </ClCompile>
    <ClCompile Include="U4L4.cpp">
      <Filter>Source Files\Unit 5\U4L4 - Deck of Cards</Filter>
    </ClCompile>
    <ClCompile Include="U4L4 Bonus.cpp">
      <Filter>Source Files\Unit 5\U4L4 - Deck of Cards</Filter>
    </ClCompile>
    <ClCompile Include="U4L4-Main.cpp">
      <Filter>Source Files\Unit 5\U4L4 - Inheritance and Polymorphism</Filter>
    </ClCompile>
    <ClCompile Include="Shape.cpp">
      <Filter>Source Files\Unit 5\U4L4 - Inheritance and Polymorphism</Filter>
    </ClCompile>
    <ClCompile Include="Circle.cpp">
      <Filter>Source Files\Unit 5\U4L4 - Inheritance and Polymorphism</Filter>
    </ClCompile>
    <ClCompile Include="Rectangle.cpp">
      <Filter>Source Files\Unit 5\U4L4 - Inheritance and Polymorphism</Filter>
    </ClCompile>
    <ClCompile Include="Triangle.cpp">
      <Filter>Source Files\Unit 5\U4L4 - Inheritance and Polymorphism</Filter>
    </ClCompile>
  </ItemGroup>
  <ItemGroup>
    <ClInclude Include="Fraction.h">
      <Filter>Source Files\Unit 5\U4L2 - Fundamental Concepts of OOP</Filter>
    </ClInclude>
    <ClInclude Include="Card.h">
      <Filter>Source Files\Unit 5\U4L4 - Deck of Cards</Filter>
    </ClInclude>
    <ClInclude Include="DeckOfCards.h">
      <Filter>Source Files\Unit 5\U4L4 - Deck of Cards</Filter>
    </ClInclude>
    <ClInclude Include="Shape.h">
      <Filter>Source Files\Unit 5\U4L4 - Inheritance and Polymorphism</Filter>
    </ClInclude>
    <ClInclude Include="Circle.h">
      <Filter>Source Files\Unit 5\U4L4 - Inheritance and Polymorphism</Filter>
    </ClInclude>
    <ClInclude Include="Rectangle.h">
      <Filter>Source Files\Unit 5\U4L4 - Inheritance and Polymorphism</Filter>
    </ClInclude>
    <ClInclude Include="Triangle.h">
      <Filter>Source Files\Unit 5\U4L4 - Inheritance and Polymorphism</Filter>
    </ClInclude>
  </ItemGroup>
</Project>